{
  "requires": true,
  "lockfileVersion": 1,
  "dependencies": {
    "react-modular-audio-player": {
      "version": "1.2.0",
      "resolved": "https://registry.npmjs.org/react-modular-audio-player/-/react-modular-audio-player-1.2.0.tgz",
      "integrity": "sha512-wE1yVgUhVm0td08EoZNzLeBZ/SCpQFznfHa6UYdHIezyFlqsaKgAjRkBa8R43pLerUS/Ud0nkioBa7j++z1FwA=="
    }
  }
}
